
Microsoft Visual Studio Solution File, Format Version 12.00
# Visual Studio Version 17
VisualStudioVersion = 17.5.002.0
MinimumVisualStudioVersion = 10.0.40219.1
Project("{9A19103F-16F7-4668-BE54-9A1E7A4F7556}") = "3020_Assignment3", "3020_Assignment3.csproj", "{473F808C-F657-4247-866C-9AA79C552740}"
EndProject
Global
	GlobalSection(SolutionConfigurationPlatforms) = preSolution
		Debug|Any CPU = Debug|Any CPU
		Release|Any CPU = Release|Any CPU
	EndGlobalSection
	GlobalSection(ProjectConfigurationPlatforms) = postSolution
		{473F808C-F657-4247-866C-9AA79C552740}.Debug|Any CPU.ActiveCfg = Debug|Any CPU
		{473F808C-F657-4247-866C-9AA79C552740}.Debug|Any CPU.Build.0 = Debug|Any CPU
		{473F808C-F657-4247-866C-9AA79C552740}.Release|Any CPU.ActiveCfg = Release|Any CPU
		{473F808C-F657-4247-866C-9AA79C552740}.Release|Any CPU.Build.0 = Release|Any CPU
	EndGlobalSection
	GlobalSection(SolutionProperties) = preSolution
		HideSolutionNode = FALSE
	EndGlobalSection
	GlobalSection(ExtensibilityGlobals) = postSolution
		SolutionGuid = {8452016E-E341-4BE3-A5F6-FE0B164FAE38}
	EndGlobalSection
EndGlobal
